version = 1
revision = 2
requires-python = ">=3.12"

[[package]]
name = "certifi"
version = "2025.4.26"
source = { registry = "https://pypi.org/simple" }
sdist = { url = "https://files.pythonhosted.org/packages/e8/9e/c05b3920a3b7d20d3d3310465f50348e5b3694f4f88c6daf736eef3024c4/certifi-2025.4.26.tar.gz", hash = "sha256:0a816057ea3cdefcef70270d2c515e4506bbc954f417fa5ade2021213bb8f0c6", size = 160705, upload-time = "2025-04-26T02:12:29.51Z" }
wheels = [
    { url = "https://files.pythonhosted.org/packages/4a/7e/3db2bd1b1f9e95f7cddca6d6e75e2f2bd9f51b1246e546d88addca0106bd/certifi-2025.4.26-py3-none-any.whl", hash = "sha256:30350364dfe371162649852c63336a15c70c6510c2ad5015b21c2345311805f3", size = 159618, upload-time = "2025-04-26T02:12:27.662Z" },
]

[[package]]
name = "charset-normalizer"
version = "3.4.2"
source = { registry = "https://pypi.org/simple" }
sdist = { url = "https://files.pythonhosted.org/packages/e4/33/89c2ced2b67d1c2a61c19c6751aa8902d46ce3dacb23600a283619f5a12d/charset_normalizer-3.4.2.tar.gz", hash = "sha256:5baececa9ecba31eff645232d59845c07aa030f0c81ee70184a90d35099a0e63", size = 126367, upload-time = "2025-05-02T08:34:42.01Z" }
wheels = [
    { url = "https://files.pythonhosted.org/packages/d7/a4/37f4d6035c89cac7930395a35cc0f1b872e652eaafb76a6075943754f095/charset_normalizer-3.4.2-cp312-cp312-macosx_10_13_universal2.whl", hash = "sha256:0c29de6a1a95f24b9a1aa7aefd27d2487263f00dfd55a77719b530788f75cff7", size = 199936, upload-time = "2025-05-02T08:32:33.712Z" },
    { url = "https://files.pythonhosted.org/packages/ee/8a/1a5e33b73e0d9287274f899d967907cd0bf9c343e651755d9307e0dbf2b3/charset_normalizer-3.4.2-cp312-cp312-manylinux_2_17_aarch64.manylinux2014_aarch64.whl", hash = "sha256:cddf7bd982eaa998934a91f69d182aec997c6c468898efe6679af88283b498d3", size = 143790, upload-time = "2025-05-02T08:32:35.768Z" },
    { url = "https://files.pythonhosted.org/packages/66/52/59521f1d8e6ab1482164fa21409c5ef44da3e9f653c13ba71becdd98dec3/charset_normalizer-3.4.2-cp312-cp312-manylinux_2_17_ppc64le.manylinux2014_ppc64le.whl", hash = "sha256:fcbe676a55d7445b22c10967bceaaf0ee69407fbe0ece4d032b6eb8d4565982a", size = 153924, upload-time = "2025-05-02T08:32:37.284Z" },
    { url = "https://files.pythonhosted.org/packages/86/2d/fb55fdf41964ec782febbf33cb64be480a6b8f16ded2dbe8db27a405c09f/charset_normalizer-3.4.2-cp312-cp312-manylinux_2_17_s390x.manylinux2014_s390x.whl", hash = "sha256:d41c4d287cfc69060fa91cae9683eacffad989f1a10811995fa309df656ec214", size = 146626, upload-time = "2025-05-02T08:32:38.803Z" },
    { url = "https://files.pythonhosted.org/packages/8c/73/6ede2ec59bce19b3edf4209d70004253ec5f4e319f9a2e3f2f15601ed5f7/charset_normalizer-3.4.2-cp312-cp312-manylinux_2_17_x86_64.manylinux2014_x86_64.whl", hash = "sha256:4e594135de17ab3866138f496755f302b72157d115086d100c3f19370839dd3a", size = 148567, upload-time = "2025-05-02T08:32:40.251Z" },
    { url = "https://files.pythonhosted.org/packages/09/14/957d03c6dc343c04904530b6bef4e5efae5ec7d7990a7cbb868e4595ee30/charset_normalizer-3.4.2-cp312-cp312-manylinux_2_5_i686.manylinux1_i686.manylinux_2_17_i686.manylinux2014_i686.whl", hash = "sha256:cf713fe9a71ef6fd5adf7a79670135081cd4431c2943864757f0fa3a65b1fafd", size = 150957, upload-time = "2025-05-02T08:32:41.705Z" },
    { url = "https://files.pythonhosted.org/packages/0d/c8/8174d0e5c10ccebdcb1b53cc959591c4c722a3ad92461a273e86b9f5a302/charset_normalizer-3.4.2-cp312-cp312-musllinux_1_2_aarch64.whl", hash = "sha256:a370b3e078e418187da8c3674eddb9d983ec09445c99a3a263c2011993522981", size = 145408, upload-time = "2025-05-02T08:32:43.709Z" },
    { url = "https://files.pythonhosted.org/packages/58/aa/8904b84bc8084ac19dc52feb4f5952c6df03ffb460a887b42615ee1382e8/charset_normalizer-3.4.2-cp312-cp312-musllinux_1_2_i686.whl", hash = "sha256:a955b438e62efdf7e0b7b52a64dc5c3396e2634baa62471768a64bc2adb73d5c", size = 153399, upload-time = "2025-05-02T08:32:46.197Z" },
    { url = "https://files.pythonhosted.org/packages/c2/26/89ee1f0e264d201cb65cf054aca6038c03b1a0c6b4ae998070392a3ce605/charset_normalizer-3.4.2-cp312-cp312-musllinux_1_2_ppc64le.whl", hash = "sha256:7222ffd5e4de8e57e03ce2cef95a4c43c98fcb72ad86909abdfc2c17d227fc1b", size = 156815, upload-time = "2025-05-02T08:32:48.105Z" },
    { url = "https://files.pythonhosted.org/packages/fd/07/68e95b4b345bad3dbbd3a8681737b4338ff2c9df29856a6d6d23ac4c73cb/charset_normalizer-3.4.2-cp312-cp312-musllinux_1_2_s390x.whl", hash = "sha256:bee093bf902e1d8fc0ac143c88902c3dfc8941f7ea1d6a8dd2bcb786d33db03d", size = 154537, upload-time = "2025-05-02T08:32:49.719Z" },
    { url = "https://files.pythonhosted.org/packages/77/1a/5eefc0ce04affb98af07bc05f3bac9094513c0e23b0562d64af46a06aae4/charset_normalizer-3.4.2-cp312-cp312-musllinux_1_2_x86_64.whl", hash = "sha256:dedb8adb91d11846ee08bec4c8236c8549ac721c245678282dcb06b221aab59f", size = 149565, upload-time = "2025-05-02T08:32:51.404Z" },
    { url = "https://files.pythonhosted.org/packages/37/a0/2410e5e6032a174c95e0806b1a6585eb21e12f445ebe239fac441995226a/charset_normalizer-3.4.2-cp312-cp312-win32.whl", hash = "sha256:db4c7bf0e07fc3b7d89ac2a5880a6a8062056801b83ff56d8464b70f65482b6c", size = 98357, upload-time = "2025-05-02T08:32:53.079Z" },
    { url = "https://files.pythonhosted.org/packages/6c/4f/c02d5c493967af3eda9c771ad4d2bbc8df6f99ddbeb37ceea6e8716a32bc/charset_normalizer-3.4.2-cp312-cp312-win_amd64.whl", hash = "sha256:5a9979887252a82fefd3d3ed2a8e3b937a7a809f65dcb1e068b090e165bbe99e", size = 105776, upload-time = "2025-05-02T08:32:54.573Z" },
    { url = "https://files.pythonhosted.org/packages/ea/12/a93df3366ed32db1d907d7593a94f1fe6293903e3e92967bebd6950ed12c/charset_normalizer-3.4.2-cp313-cp313-macosx_10_13_universal2.whl", hash = "sha256:926ca93accd5d36ccdabd803392ddc3e03e6d4cd1cf17deff3b989ab8e9dbcf0", size = 199622, upload-time = "2025-05-02T08:32:56.363Z" },
    { url = "https://files.pythonhosted.org/packages/04/93/bf204e6f344c39d9937d3c13c8cd5bbfc266472e51fc8c07cb7f64fcd2de/charset_normalizer-3.4.2-cp313-cp313-manylinux_2_17_aarch64.manylinux2014_aarch64.whl", hash = "sha256:eba9904b0f38a143592d9fc0e19e2df0fa2e41c3c3745554761c5f6447eedabf", size = 143435, upload-time = "2025-05-02T08:32:58.551Z" },
    { url = "https://files.pythonhosted.org/packages/22/2a/ea8a2095b0bafa6c5b5a55ffdc2f924455233ee7b91c69b7edfcc9e02284/charset_normalizer-3.4.2-cp313-cp313-manylinux_2_17_ppc64le.manylinux2014_ppc64le.whl", hash = "sha256:3fddb7e2c84ac87ac3a947cb4e66d143ca5863ef48e4a5ecb83bd48619e4634e", size = 153653, upload-time = "2025-05-02T08:33:00.342Z" },
    { url = "https://files.pythonhosted.org/packages/b6/57/1b090ff183d13cef485dfbe272e2fe57622a76694061353c59da52c9a659/charset_normalizer-3.4.2-cp313-cp313-manylinux_2_17_s390x.manylinux2014_s390x.whl", hash = "sha256:98f862da73774290f251b9df8d11161b6cf25b599a66baf087c1ffe340e9bfd1", size = 146231, upload-time = "2025-05-02T08:33:02.081Z" },
    { url = "https://files.pythonhosted.org/packages/e2/28/ffc026b26f441fc67bd21ab7f03b313ab3fe46714a14b516f931abe1a2d8/charset_normalizer-3.4.2-cp313-cp313-manylinux_2_17_x86_64.manylinux2014_x86_64.whl", hash = "sha256:6c9379d65defcab82d07b2a9dfbfc2e95bc8fe0ebb1b176a3190230a3ef0e07c", size = 148243, upload-time = "2025-05-02T08:33:04.063Z" },
    { url = "https://files.pythonhosted.org/packages/c0/0f/9abe9bd191629c33e69e47c6ef45ef99773320e9ad8e9cb08b8ab4a8d4cb/charset_normalizer-3.4.2-cp313-cp313-manylinux_2_5_i686.manylinux1_i686.manylinux_2_17_i686.manylinux2014_i686.whl", hash = "sha256:e635b87f01ebc977342e2697d05b56632f5f879a4f15955dfe8cef2448b51691", size = 150442, upload-time = "2025-05-02T08:33:06.418Z" },
    { url = "https://files.pythonhosted.org/packages/67/7c/a123bbcedca91d5916c056407f89a7f5e8fdfce12ba825d7d6b9954a1a3c/charset_normalizer-3.4.2-cp313-cp313-musllinux_1_2_aarch64.whl", hash = "sha256:1c95a1e2902a8b722868587c0e1184ad5c55631de5afc0eb96bc4b0d738092c0", size = 145147, upload-time = "2025-05-02T08:33:08.183Z" },
    { url = "https://files.pythonhosted.org/packages/ec/fe/1ac556fa4899d967b83e9893788e86b6af4d83e4726511eaaad035e36595/charset_normalizer-3.4.2-cp313-cp313-musllinux_1_2_i686.whl", hash = "sha256:ef8de666d6179b009dce7bcb2ad4c4a779f113f12caf8dc77f0162c29d20490b", size = 153057, upload-time = "2025-05-02T08:33:09.986Z" },
    { url = "https://files.pythonhosted.org/packages/2b/ff/acfc0b0a70b19e3e54febdd5301a98b72fa07635e56f24f60502e954c461/charset_normalizer-3.4.2-cp313-cp313-musllinux_1_2_ppc64le.whl", hash = "sha256:32fc0341d72e0f73f80acb0a2c94216bd704f4f0bce10aedea38f30502b271ff", size = 156454, upload-time = "2025-05-02T08:33:11.814Z" },
    { url = "https://files.pythonhosted.org/packages/92/08/95b458ce9c740d0645feb0e96cea1f5ec946ea9c580a94adfe0b617f3573/charset_normalizer-3.4.2-cp313-cp313-musllinux_1_2_s390x.whl", hash = "sha256:289200a18fa698949d2b39c671c2cc7a24d44096784e76614899a7ccf2574b7b", size = 154174, upload-time = "2025-05-02T08:33:13.707Z" },
    { url = "https://files.pythonhosted.org/packages/78/be/8392efc43487ac051eee6c36d5fbd63032d78f7728cb37aebcc98191f1ff/charset_normalizer-3.4.2-cp313-cp313-musllinux_1_2_x86_64.whl", hash = "sha256:4a476b06fbcf359ad25d34a057b7219281286ae2477cc5ff5e3f70a246971148", size = 149166, upload-time = "2025-05-02T08:33:15.458Z" },
    { url = "https://files.pythonhosted.org/packages/44/96/392abd49b094d30b91d9fbda6a69519e95802250b777841cf3bda8fe136c/charset_normalizer-3.4.2-cp313-cp313-win32.whl", hash = "sha256:aaeeb6a479c7667fbe1099af9617c83aaca22182d6cf8c53966491a0f1b7ffb7", size = 98064, upload-time = "2025-05-02T08:33:17.06Z" },
    { url = "https://files.pythonhosted.org/packages/e9/b0/0200da600134e001d91851ddc797809e2fe0ea72de90e09bec5a2fbdaccb/charset_normalizer-3.4.2-cp313-cp313-win_amd64.whl", hash = "sha256:aa6af9e7d59f9c12b33ae4e9450619cf2488e2bbe9b44030905877f0b2324980", size = 105641, upload-time = "2025-05-02T08:33:18.753Z" },
    { url = "https://files.pythonhosted.org/packages/20/94/c5790835a017658cbfabd07f3bfb549140c3ac458cfc196323996b10095a/charset_normalizer-3.4.2-py3-none-any.whl", hash = "sha256:7f56930ab0abd1c45cd15be65cc741c28b1c9a34876ce8c17a2fa107810c0af0", size = 52626, upload-time = "2025-05-02T08:34:40.053Z" },
]

[[package]]
name = "idna"
version = "3.10"
source = { registry = "https://pypi.org/simple" }
sdist = { url = "https://files.pythonhosted.org/packages/f1/70/7703c29685631f5a7590aa73f1f1d3fa9a380e654b86af429e0934a32f7d/idna-3.10.tar.gz", hash = "sha256:12f65c9b470abda6dc35cf8e63cc574b1c52b11df2c86030af0ac09b01b13ea9", size = 190490, upload-time = "2024-09-15T18:07:39.745Z" }
wheels = [
    { url = "https://files.pythonhosted.org/packages/76/c6/c88e154df9c4e1a2a66ccf0005a88dfb2650c1dffb6f5ce603dfbd452ce3/idna-3.10-py3-none-any.whl", hash = "sha256:946d195a0d259cbba61165e88e65941f16e9b36ea6ddb97f00452bae8b1287d3", size = 70442, upload-time = "2024-09-15T18:07:37.964Z" },
]

[[package]]
name = "requests"
version = "2.32.3"
source = { registry = "https://pypi.org/simple" }
dependencies = [
    { name = "certifi" },
    { name = "charset-normalizer" },
    { name = "idna" },
    { name = "urllib3" },
]
sdist = { url = "https://files.pythonhosted.org/packages/63/70/2bf7780ad2d390a8d301ad0b550f1581eadbd9a20f896afe06353c2a2913/requests-2.32.3.tar.gz", hash = "sha256:55365417734eb18255590a9ff9eb97e9e1da868d4ccd6402399eaf68af20a760", size = 131218, upload-time = "2024-05-29T15:37:49.536Z" }
wheels = [
    { url = "https://files.pythonhosted.org/packages/f9/9b/335f9764261e915ed497fcdeb11df5dfd6f7bf257d4a6a2a686d80da4d54/requests-2.32.3-py3-none-any.whl", hash = "sha256:70761cfe03c773ceb22aa2f671b4757976145175cdfca038c02654d061d6dcc6", size = 64928, upload-time = "2024-05-29T15:37:47.027Z" },
]

[[package]]
name = "selectolax"
version = "0.3.29"
source = { registry = "https://pypi.org/simple" }
sdist = { url = "https://files.pythonhosted.org/packages/df/b9/b5a23e29d5e54c590eaad18bdbb1ced13b869b111e03d12ee0ae9eecf9b8/selectolax-0.3.29.tar.gz", hash = "sha256:28696fa4581765c705e15d05dfba464334f5f9bcb3eac9f25045f815aec6fbc1", size = 4691626, upload-time = "2025-04-30T15:17:37.98Z" }
wheels = [
    { url = "https://files.pythonhosted.org/packages/30/ac/ca4332eecc19124782f6f0d7cb28c331da2e9d9cf25287ba2b3b6a00cea1/selectolax-0.3.29-cp312-cp312-macosx_10_13_universal2.whl", hash = "sha256:6d3f373efd1db18ac9b2222de2668aaa366a1f0b560241eab128f3ca68e8add1", size = 3656166, upload-time = "2025-04-30T15:16:19.907Z" },
    { url = "https://files.pythonhosted.org/packages/b8/46/2dcae03a94f80f3e0d339c149de8110b5abe1230668b015fd338d9e71a27/selectolax-0.3.29-cp312-cp312-macosx_10_13_x86_64.whl", hash = "sha256:97b9971bb37b54ef4440134f22792d15c9ee12d890a526a7fe0b376502240143", size = 2095991, upload-time = "2025-04-30T15:16:21.654Z" },
    { url = "https://files.pythonhosted.org/packages/1e/bd/95f15396e5f30898227d84a7ec6a39d9a9b34005f0e9f8f38e7fee21ab66/selectolax-0.3.29-cp312-cp312-manylinux_2_17_aarch64.manylinux2014_aarch64.whl", hash = "sha256:bd99ff0f5a6c017c471635d4ee45b61d25f24689331e407147b2cf5e36892480", size = 5844493, upload-time = "2025-04-30T15:16:23.268Z" },
    { url = "https://files.pythonhosted.org/packages/36/25/64c60da9aec81f2992355b0a3ce00ea1ed99e6f5499868016d6972bd4948/selectolax-0.3.29-cp312-cp312-manylinux_2_17_x86_64.manylinux2014_x86_64.whl", hash = "sha256:8377c317bf1d5fd6ccc56dfb5a0928bbcbea3e800b7af54761cfbbb99dc94cb9", size = 5881062, upload-time = "2025-04-30T15:16:24.891Z" },
    { url = "https://files.pythonhosted.org/packages/b6/81/94105217f91f7c6a98ac3164210cba0c6aa8da91cb85405292a6d70e39c3/selectolax-0.3.29-cp312-cp312-manylinux_2_5_i686.manylinux1_i686.manylinux_2_17_i686.manylinux2014_i686.whl", hash = "sha256:5388c56456272b2c241fc1906db9cc993984cafdad936cb5e061e3af0c44144e", size = 5470368, upload-time = "2025-04-30T15:16:26.457Z" },
    { url = "https://files.pythonhosted.org/packages/51/6e/40bc259f13e5d3dd0bb8ddd1d55ef099244db2568ffb82fd9d489984d61a/selectolax-0.3.29-cp312-cp312-musllinux_1_2_aarch64.whl", hash = "sha256:e9e4690894f406863e25ba49da27e1a6fda9bfc21b0b315c399d3093be080e81", size = 5693476, upload-time = "2025-04-30T15:16:28.386Z" },
    { url = "https://files.pythonhosted.org/packages/58/bd/2668ee1d5471ad88daf83ca484515ba46774fc9c951d6c4c0beffea89952/selectolax-0.3.29-cp312-cp312-musllinux_1_2_i686.whl", hash = "sha256:deeab93386b6c9a75052515f5b9e7e3dd623c585871c0c2b3126970ff902603b", size = 5449747, upload-time = "2025-04-30T15:16:30.626Z" },
    { url = "https://files.pythonhosted.org/packages/a1/b5/1c61839ae5af70a8291c643982a99f051b543df90b220b98db1b26bd4899/selectolax-0.3.29-cp312-cp312-musllinux_1_2_x86_64.whl", hash = "sha256:6abdd8357f1c105c1add01a9f0373511fa832548b2e2778b00a8ba2a4508d6ed", size = 5786843, upload-time = "2025-04-30T15:16:32.231Z" },
    { url = "https://files.pythonhosted.org/packages/67/08/ca42c100ab90168c123e6b521e38cb7618b697a693fdb77e42dabb0670fd/selectolax-0.3.29-cp312-cp312-win32.whl", hash = "sha256:9c969626b2295702076f50aac91e44c3bba639fa2e1a612bf6ae254bf29b4d57", size = 1697859, upload-time = "2025-04-30T15:16:33.659Z" },
    { url = "https://files.pythonhosted.org/packages/5c/22/9524af51d950cc718bd4406f3bed05acbfcb321a4a308ec85b96ccdaa1ef/selectolax-0.3.29-cp312-cp312-win_amd64.whl", hash = "sha256:e7f4cc1b7ce9691559decfd5db7cc500e71a9f6ccfe76c054f284c184a1d1dc9", size = 1804145, upload-time = "2025-04-30T15:16:35.12Z" },
    { url = "https://files.pythonhosted.org/packages/c0/a7/083a00aa9cb6bef0317baba4269841c366652558d77189275bed2da6aa81/selectolax-0.3.29-cp313-cp313-macosx_10_13_universal2.whl", hash = "sha256:e3112f05a34bf36d36ecc51520b1d98c4667b54a3f123dffef5072273e89a360", size = 3651407, upload-time = "2025-04-30T15:16:37.282Z" },
    { url = "https://files.pythonhosted.org/packages/7e/cd/6c89ac27961ef5f5e9b40eda0d0653b9c95c93485fb8a554bf093eac1c77/selectolax-0.3.29-cp313-cp313-macosx_10_13_x86_64.whl", hash = "sha256:38462ae369897f71da287f1282079c11f1b878b99a4d1d509d1116ce05226d88", size = 2092649, upload-time = "2025-04-30T15:16:38.817Z" },
    { url = "https://files.pythonhosted.org/packages/3e/12/82710124b7b52613fdb9d5c14494a41785eb83e1c93ec7e1d1814c2ce292/selectolax-0.3.29-cp313-cp313-manylinux_2_17_aarch64.manylinux2014_aarch64.whl", hash = "sha256:bdd1e63735f2fb8485fb6b9f4fe30d6c030930f438f46a4a62bd9886ab3c7fd9", size = 5821738, upload-time = "2025-04-30T15:16:40.747Z" },
    { url = "https://files.pythonhosted.org/packages/8b/08/8ceb3eb7fee9743026a4481fccb771f257c82b2c853a1a30271902234eab/selectolax-0.3.29-cp313-cp313-manylinux_2_17_x86_64.manylinux2014_x86_64.whl", hash = "sha256:ea52e0c128e8e89f98ab0ccaabbc853677de5730729a3351da595976131b66e0", size = 5856069, upload-time = "2025-04-30T15:16:42.496Z" },
    { url = "https://files.pythonhosted.org/packages/47/6c/ec2b7aff0f6202e4157415d76bd588108cc518374bf53afa81c122691780/selectolax-0.3.29-cp313-cp313-manylinux_2_5_i686.manylinux1_i686.manylinux_2_17_i686.manylinux2014_i686.whl", hash = "sha256:0933659b4250b91317ccd78167e6804389cdaf7ed86c5d034b058a550d23110f", size = 5443255, upload-time = "2025-04-30T15:16:44.083Z" },
    { url = "https://files.pythonhosted.org/packages/cd/90/d5fea46ff191d02c2380a779b119ea6799751b79fcddb2bb230b21b38fc5/selectolax-0.3.29-cp313-cp313-musllinux_1_2_aarch64.whl", hash = "sha256:b0c9005e9089a6b0c6fb6a9f691ddbbb10a3a23ebeff54393980340f3dbcdb99", size = 5637529, upload-time = "2025-04-30T15:16:46.175Z" },
    { url = "https://files.pythonhosted.org/packages/9d/83/7f876a515f5af31f7b948cf10951be896fe6deeff2b9b713640c8ec82fd3/selectolax-0.3.29-cp313-cp313-musllinux_1_2_i686.whl", hash = "sha256:ac940963c52f13cdf5d7266a979744949b660d367ce669efa073b557f6e09a18", size = 5379121, upload-time = "2025-04-30T15:16:47.909Z" },
    { url = "https://files.pythonhosted.org/packages/57/cb/7dc739a484b1a17ccf92a23dfe558ae615c232bd81e78a72049c25d1ff66/selectolax-0.3.29-cp313-cp313-musllinux_1_2_x86_64.whl", hash = "sha256:484274f73839f9a143f4c13ce1b0a0123b5d64be22f967a1dc202a9a78687d67", size = 5727944, upload-time = "2025-04-30T15:16:49.52Z" },
    { url = "https://files.pythonhosted.org/packages/b7/09/95da4d2919d99a6090327390b84bc5440133196351e5e04c24cccda06cbb/selectolax-0.3.29-cp313-cp313-win32.whl", hash = "sha256:29e71fbd58b90d2920ef91a940680cb5331710fe397925ce9d10c3f2f086bf27", size = 1697529, upload-time = "2025-04-30T15:16:51.123Z" },
    { url = "https://files.pythonhosted.org/packages/0e/17/5a3951da22a4ad8f959088ddc370c68b28dad03190d91fcd137a52410fb9/selectolax-0.3.29-cp313-cp313-win_amd64.whl", hash = "sha256:e13befacff5f78102aa11465055ecb6d4b35f89663e36f271f2b506bcab14112", size = 1803334, upload-time = "2025-04-30T15:16:53.775Z" },
]

[[package]]
name = "spotsterr"
version = "0.1.0"
source = { virtual = "." }
dependencies = [
    { name = "requests" },
    { name = "selectolax" },
]

[package.metadata]
requires-dist = [
    { name = "requests", specifier = ">=2.32.3" },
    { name = "selectolax", specifier = ">=0.3.29" },
]

[[package]]
name = "urllib3"
version = "2.4.0"
source = { registry = "https://pypi.org/simple" }
sdist = { url = "https://files.pythonhosted.org/packages/8a/78/16493d9c386d8e60e442a35feac5e00f0913c0f4b7c217c11e8ec2ff53e0/urllib3-2.4.0.tar.gz", hash = "sha256:414bc6535b787febd7567804cc015fee39daab8ad86268f1310a9250697de466", size = 390672, upload-time = "2025-04-10T15:23:39.232Z" }
wheels = [
    { url = "https://files.pythonhosted.org/packages/6b/11/cc635220681e93a0183390e26485430ca2c7b5f9d33b15c74c2861cb8091/urllib3-2.4.0-py3-none-any.whl", hash = "sha256:4e16665048960a0900c702d4a66415956a584919c03361cac9f1df5c5dd7e813", size = 128680, upload-time = "2025-04-10T15:23:37.377Z" },
]
